
Microsoft Visual Studio Solution File, Format Version 12.00
# Visual Studio 14
VisualStudioVersion = 14.0.25420.1
MinimumVisualStudioVersion = 10.0.40219.1
Project("{8BC9CEB8-8B4A-11D0-8D11-00A0C91BC942}") = "stm32f103.ws2812b", "stm32f103.ws2812b\stm32f103.ws2812b.vcxproj", "{F30668EB-2D85-4CC0-A97A-56A85B210EDC}"
EndProject
Global
	GlobalSection(SolutionConfigurationPlatforms) = preSolution
		Debug|x86 = Debug|x86
		Release|x86 = Release|x86
	EndGlobalSection
	GlobalSection(ProjectConfigurationPlatforms) = postSolution
		{F30668EB-2D85-4CC0-A97A-56A85B210EDC}.Debug|x64.ActiveCfg = Debug|Win32
		{F30668EB-2D85-4CC0-A97A-56A85B210EDC}.Debug|x86.ActiveCfg = Debug|Win32
		{F30668EB-2D85-4CC0-A97A-56A85B210EDC}.Debug|x86.Build.0 = Debug|Win32
		{F30668EB-2D85-4CC0-A97A-56A85B210EDC}.Release|x64.ActiveCfg = Release|Win32
		{F30668EB-2D85-4CC0-A97A-56A85B210EDC}.Release|x86.ActiveCfg = Release|Win32
		{F30668EB-2D85-4CC0-A97A-56A85B210EDC}.Release|x86.Build.0 = Release|Win32
	EndGlobalSection
	GlobalSection(SolutionProperties) = preSolution
		HideSolutionNode = FALSE
	EndGlobalSection
EndGlobal
